{
  "nodes": {
    "nix-npm-buildpackage": {
      "inputs": {
        "nixpkgs": [
          "nixpkgs"
        ]
      },
      "locked": {
        "lastModified": 1677562139,
        "narHash": "sha256-J39FdMjECbWGSXVHmEdyGBD2aRYGhg9bWEPf1/ZR47k=",
        "owner": "serokell",
        "repo": "nix-npm-buildpackage",
        "rev": "d45296118cae672982f192451dd3e19fa6c2d068",
        "type": "github"
      },
      "original": {
        "owner": "serokell",
        "repo": "nix-npm-buildpackage",
        "type": "github"
      }
    },
    "nixpkgs": {
      "locked": {
        "lastModified": 1673796341,
        "narHash": "sha256-1kZi9OkukpNmOaPY7S5/+SlCDOuYnP3HkXHvNDyLQcc=",
        "path": "/nix/store/lzgxbh8c61phbh074y2707l2yw6vvaa1-source",
        "rev": "6dccdc458512abce8d19f74195bb20fdb067df50",
        "type": "path"
      },
      "original": {
        "id": "nixpkgs",
        "type": "indirect"
      }
    },
    "root": {
      "inputs": {
        "nix-npm-buildpackage": "nix-npm-buildpackage",
        "nixpkgs": "nixpkgs"
      }
    }
  },
  "root": "root",
  "version": 7
}
